Microsoft Visual Studio Solution File, Format Version 12.00
# Visual Studio Version 17
VisualStudioVersion = 17.13.35931.197
MinimumVisualStudioVersion = 10.0.40219.1
Project("{FAE04EC0-301F-11D3-BF4B-00C04F79EFBC}") = "ConsoleApp4", "ConsoleApp4\ConsoleApp4.csproj", "{CEE54B05-36D6-442B-A673-217094FCA2EF}"
EndProject
Global
	GlobalSection(SolutionConfigurationPlatforms) = preSolution
		Debug|Any CPU = Debug|Any CPU
		Release|Any CPU = Release|Any CPU
	EndGlobalSection
	GlobalSection(ProjectConfigurationPlatforms) = postSolution
		{CEE54B05-36D6-442B-A673-217094FCA2EF}.Debug|Any CPU.ActiveCfg = Debug|Any CPU
		{CEE54B05-36D6-442B-A673-217094FCA2EF}.Debug|Any CPU.Build.0 = Debug|Any CPU
		{CEE54B05-36D6-442B-A673-217094FCA2EF}.Release|Any CPU.ActiveCfg = Release|Any CPU
		{CEE54B05-36D6-442B-A673-217094FCA2EF}.Release|Any CPU.Build.0 = Release|Any CPU
	EndGlobalSection
	GlobalSection(SolutionProperties) = preSolution
		HideSolutionNode = FALSE
	EndGlobalSection
	GlobalSection(ExtensibilityGlobals) = postSolution
		SolutionGuid = {5D79C830-19F7-46C7-BF2B-C8A932438303}
	EndGlobalSection
EndGlobal
